
Microsoft Visual Studio Solution File, Format Version 12.00
# Visual Studio Version 16
VisualStudioVersion = 16.0.31613.86
MinimumVisualStudioVersion = 10.0.40219.1
Project("{FAE04EC0-301F-11D3-BF4B-00C04F79EFBC}") = "LabCassageDeMotDepasse", "LabCassageDeMotDepasse\LabCassageDeMotDepasse.csproj", "{629C868C-8CDB-4C42-8D42-F121B0AEF903}"
EndProject
Global
	GlobalSection(SolutionConfigurationPlatforms) = preSolution
		Debug|Any CPU = Debug|Any CPU
		Release|Any CPU = Release|Any CPU
	EndGlobalSection
	GlobalSection(ProjectConfigurationPlatforms) = postSolution
		{629C868C-8CDB-4C42-8D42-F121B0AEF903}.Debug|Any CPU.ActiveCfg = Debug|Any CPU
		{629C868C-8CDB-4C42-8D42-F121B0AEF903}.Debug|Any CPU.Build.0 = Debug|Any CPU
		{629C868C-8CDB-4C42-8D42-F121B0AEF903}.Release|Any CPU.ActiveCfg = Release|Any CPU
		{629C868C-8CDB-4C42-8D42-F121B0AEF903}.Release|Any CPU.Build.0 = Release|Any CPU
	EndGlobalSection
	GlobalSection(SolutionProperties) = preSolution
		HideSolutionNode = FALSE
	EndGlobalSection
	GlobalSection(ExtensibilityGlobals) = postSolution
		SolutionGuid = {13A32D01-890B-454D-9ACB-936FBE068E03}
	EndGlobalSection
EndGlobal
